<?xml version="1.0" encoding="utf-8"?>
<Project ToolsVersion="4.0" xmlns="http://schemas.microsoft.com/developer/msbuild/2003">
  <ItemGroup>
    <Filter Include="ソース ファイル">
      <UniqueIdentifier>{4FC737F1-C7A5-4376-A066-2A32D752A2FF}</UniqueIdentifier>
      <Extensions>cpp;c;cc;cxx;def;odl;idl;hpj;bat;asm;asmx</Extensions>
    </Filter>
    <Filter Include="ヘッダー ファイル">
      <UniqueIdentifier>{93995380-89BD-4b04-88EB-625FBE52EBFB}</UniqueIdentifier>
      <Extensions>h;hh;hpp;hxx;hm;inl;inc;xsd</Extensions>
    </Filter>
    <Filter Include="リソース ファイル">
      <UniqueIdentifier>{67DA6AB6-F800-4c08-8B7A-83BB121AAD01}</UniqueIdentifier>
      <Extensions>rc;ico;cur;bmp;dlg;rc2;rct;bin;rgs;gif;jpg;jpeg;jpe;resx;tiff;tif;png;wav;mfcribbon-ms</Extensions>
    </Filter>
    <Filter Include="Tab">
      <UniqueIdentifier>{d0aea51d-faef-487e-bad7-edce49c8b301}</UniqueIdentifier>
    </Filter>
    <Filter Include="Dialog">
      <UniqueIdentifier>{cbd8a940-37f7-4cff-8ae2-9deecf1de520}</UniqueIdentifier>
    </Filter>
    <Filter Include="Common">
      <UniqueIdentifier>{8c7424bc-4ae5-47ff-b1f3-dcef77f41f72}</UniqueIdentifier>
    </Filter>
    <Filter Include="Data">
      <UniqueIdentifier>{717f7919-5828-4577-8093-87d403f47c26}</UniqueIdentifier>
    </Filter>
  </ItemGroup>
  <ItemGroup>
    <Text Include="ReadMe.txt" />
  </ItemGroup>
  <ItemGroup>
    <ClInclude Include="CamMonitor.h">
      <Filter>ヘッダー ファイル</Filter>
    </ClInclude>
    <ClInclude Include="stdafx.h">
      <Filter>ヘッダー ファイル</Filter>
    </ClInclude>
    <ClInclude Include="targetver.h">
      <Filter>ヘッダー ファイル</Filter>
    </ClInclude>
    <ClInclude Include="MainFrm.h">
      <Filter>ヘッダー ファイル</Filter>
    </ClInclude>
    <ClInclude Include="ChildView.h">
      <Filter>ヘッダー ファイル</Filter>
    </ClInclude>
    <ClInclude Include="Resource.h">
      <Filter>ヘッダー ファイル</Filter>
    </ClInclude>
    <ClInclude Include="Bitmap.h">
      <Filter>Common</Filter>
    </ClInclude>
    <ClInclude Include="ZoomView.h">
      <Filter>Common</Filter>
    </ClInclude>
    <ClInclude Include="AppDefine.h">
      <Filter>ヘッダー ファイル</Filter>
    </ClInclude>
    <ClInclude Include="TabDlgBar.h">
      <Filter>Common</Filter>
    </ClInclude>
    <ClInclude Include="SelectCameraDialog.h">
      <Filter>Dialog</Filter>
    </ClInclude>
    <ClInclude Include="cih.h">
      <Filter>Common</Filter>
    </ClInclude>
    <ClInclude Include="LiveTab.h">
      <Filter>Tab</Filter>
    </ClInclude>
    <ClInclude Include="BaseTab.h">
      <Filter>Tab</Filter>
    </ClInclude>
    <ClInclude Include="FileTab.h">
      <Filter>Tab</Filter>
    </ClInclude>
    <ClInclude Include="ProgressDialog.h">
      <Filter>Dialog</Filter>
    </ClInclude>
    <ClInclude Include="CameraObject.h">
      <Filter>Data</Filter>
    </ClInclude>
    <ClInclude Include="Lock.h">
      <Filter>Common</Filter>
    </ClInclude>
    <ClInclude Include="SaveLiveDialog.h">
      <Filter>Dialog</Filter>
    </ClInclude>
    <ClInclude Include="Util.h">
      <Filter>Common</Filter>
    </ClInclude>
    <ClInclude Include="SaveFileDialog.h">
      <Filter>Dialog</Filter>
    </ClInclude>
  </ItemGroup>
  <ItemGroup>
    <ClCompile Include="CamMonitor.cpp">
      <Filter>ソース ファイル</Filter>
    </ClCompile>
    <ClCompile Include="stdafx.cpp">
      <Filter>ソース ファイル</Filter>
    </ClCompile>
    <ClCompile Include="MainFrm.cpp">
      <Filter>ソース ファイル</Filter>
    </ClCompile>
    <ClCompile Include="ChildView.cpp">
      <Filter>ソース ファイル</Filter>
    </ClCompile>
    <ClCompile Include="Bitmap.cpp">
      <Filter>Common</Filter>
    </ClCompile>
    <ClCompile Include="ZoomView.cpp">
      <Filter>Common</Filter>
    </ClCompile>
    <ClCompile Include="TabDlgBar.cpp">
      <Filter>Common</Filter>
    </ClCompile>
    <ClCompile Include="SelectCameraDialog.cpp">
      <Filter>Dialog</Filter>
    </ClCompile>
    <ClCompile Include="cih.cpp">
      <Filter>Common</Filter>
    </ClCompile>
    <ClCompile Include="LiveTab.cpp">
      <Filter>Tab</Filter>
    </ClCompile>
    <ClCompile Include="BaseTab.cpp">
      <Filter>Tab</Filter>
    </ClCompile>
    <ClCompile Include="FileTab.cpp">
      <Filter>Tab</Filter>
    </ClCompile>
    <ClCompile Include="ProgressDialog.cpp">
      <Filter>Dialog</Filter>
    </ClCompile>
    <ClCompile Include="CameraObject.cpp">
      <Filter>Data</Filter>
    </ClCompile>
    <ClCompile Include="Lock.cpp">
      <Filter>Common</Filter>
    </ClCompile>
    <ClCompile Include="SaveLiveDialog.cpp">
      <Filter>Dialog</Filter>
    </ClCompile>
    <ClCompile Include="Util.cpp">
      <Filter>Common</Filter>
    </ClCompile>
    <ClCompile Include="SaveFileDialog.cpp">
      <Filter>Dialog</Filter>
    </ClCompile>
  </ItemGroup>
  <ItemGroup>
    <ResourceCompile Include="CamMonitor.rc">
      <Filter>リソース ファイル</Filter>
    </ResourceCompile>
  </ItemGroup>
  <ItemGroup>
    <None Include="res\CamMonitor.rc2">
      <Filter>リソース ファイル</Filter>
    </None>
  </ItemGroup>
  <ItemGroup>
    <Image Include="res\CamMonitor.ico">
      <Filter>リソース ファイル</Filter>
    </Image>
    <Image Include="res\Toolbar.bmp">
      <Filter>リソース ファイル</Filter>
    </Image>
  </ItemGroup>
</Project>